
Microsoft Visual Studio Solution File, Format Version 12.00
# Visual Studio 2013
VisualStudioVersion = 12.0.40629.0
MinimumVisualStudioVersion = 10.0.40219.1
Project("{F184B08F-C81C-45F6-A57F-5ABD9991F28F}") = "VBSessions", "VBSessions\VBSessions.vbproj", "{960A12FB-2EA0-4CF3-92E3-A3A3542371E1}"
EndProject
Project("{F184B08F-C81C-45F6-A57F-5ABD9991F28F}") = "FormsDemo", "FormsDemo\FormsDemo.vbproj", "{B54C7677-B4AD-4154-97AC-51AFE1B59F1F}"
EndProject
Project("{F184B08F-C81C-45F6-A57F-5ABD9991F28F}") = "CATIAv5VBA", "CATIAv5VBA\CATIAv5VBA.vbproj", "{EE0948D9-FE5D-4ABA-BB9B-65FA65BFC636}"
EndProject
Global
	GlobalSection(SolutionConfigurationPlatforms) = preSolution
		Debug|Any CPU = Debug|Any CPU
		Release|Any CPU = Release|Any CPU
	EndGlobalSection
	GlobalSection(ProjectConfigurationPlatforms) = postSolution
		{960A12FB-2EA0-4CF3-92E3-A3A3542371E1}.Debug|Any CPU.ActiveCfg = Debug|Any CPU
		{960A12FB-2EA0-4CF3-92E3-A3A3542371E1}.Debug|Any CPU.Build.0 = Debug|Any CPU
		{960A12FB-2EA0-4CF3-92E3-A3A3542371E1}.Release|Any CPU.ActiveCfg = Release|Any CPU
		{960A12FB-2EA0-4CF3-92E3-A3A3542371E1}.Release|Any CPU.Build.0 = Release|Any CPU
		{B54C7677-B4AD-4154-97AC-51AFE1B59F1F}.Debug|Any CPU.ActiveCfg = Debug|Any CPU
		{B54C7677-B4AD-4154-97AC-51AFE1B59F1F}.Debug|Any CPU.Build.0 = Debug|Any CPU
		{B54C7677-B4AD-4154-97AC-51AFE1B59F1F}.Release|Any CPU.ActiveCfg = Release|Any CPU
		{B54C7677-B4AD-4154-97AC-51AFE1B59F1F}.Release|Any CPU.Build.0 = Release|Any CPU
		{EE0948D9-FE5D-4ABA-BB9B-65FA65BFC636}.Debug|Any CPU.ActiveCfg = Debug|Any CPU
		{EE0948D9-FE5D-4ABA-BB9B-65FA65BFC636}.Debug|Any CPU.Build.0 = Debug|Any CPU
		{EE0948D9-FE5D-4ABA-BB9B-65FA65BFC636}.Release|Any CPU.ActiveCfg = Release|Any CPU
		{EE0948D9-FE5D-4ABA-BB9B-65FA65BFC636}.Release|Any CPU.Build.0 = Release|Any CPU
	EndGlobalSection
	GlobalSection(SolutionProperties) = preSolution
		HideSolutionNode = FALSE
	EndGlobalSection
EndGlobal
