
Microsoft Visual Studio Solution File, Format Version 12.00
# Visual Studio 14
VisualStudioVersion = 14.0.23107.0
MinimumVisualStudioVersion = 10.0.40219.1
Project("{F184B08F-C81C-45F6-A57F-5ABD9991F28F}") = "day01", "day01\day01.vbproj", "{40E89372-ADF1-4E5C-8611-EE36FB247AB3}"
EndProject
Project("{F184B08F-C81C-45F6-A57F-5ABD9991F28F}") = "day01-console", "day01-console\day01-console.vbproj", "{B1EBB4DB-F7B0-484D-9D6C-B0CBF0D8867A}"
EndProject
Global
	GlobalSection(SolutionConfigurationPlatforms) = preSolution
		Debug|Any CPU = Debug|Any CPU
		Release|Any CPU = Release|Any CPU
	EndGlobalSection
	GlobalSection(ProjectConfigurationPlatforms) = postSolution
		{40E89372-ADF1-4E5C-8611-EE36FB247AB3}.Debug|Any CPU.ActiveCfg = Debug|Any CPU
		{40E89372-ADF1-4E5C-8611-EE36FB247AB3}.Debug|Any CPU.Build.0 = Debug|Any CPU
		{40E89372-ADF1-4E5C-8611-EE36FB247AB3}.Release|Any CPU.ActiveCfg = Release|Any CPU
		{40E89372-ADF1-4E5C-8611-EE36FB247AB3}.Release|Any CPU.Build.0 = Release|Any CPU
		{B1EBB4DB-F7B0-484D-9D6C-B0CBF0D8867A}.Debug|Any CPU.ActiveCfg = Debug|Any CPU
		{B1EBB4DB-F7B0-484D-9D6C-B0CBF0D8867A}.Debug|Any CPU.Build.0 = Debug|Any CPU
		{B1EBB4DB-F7B0-484D-9D6C-B0CBF0D8867A}.Release|Any CPU.ActiveCfg = Release|Any CPU
		{B1EBB4DB-F7B0-484D-9D6C-B0CBF0D8867A}.Release|Any CPU.Build.0 = Release|Any CPU
	EndGlobalSection
	GlobalSection(SolutionProperties) = preSolution
		HideSolutionNode = FALSE
	EndGlobalSection
EndGlobal
